
Microsoft Visual Studio Solution File, Format Version 12.00
# Visual Studio 15
Project("{FAE04EC0-301F-11D3-BF4B-00C04F79EFBC}") = "Assembly-CSharp", "Assembly-CSharp.csproj", "{5E2A97CE-0DCA-0FFE-4FCA-1E4588E058F0}"
EndProject
Project("{FAE04EC0-301F-11D3-BF4B-00C04F79EFBC}") = "Assembly-CSharp-Editor-firstpass", "Assembly-CSharp-Editor-firstpass.csproj", "{AF65DFFD-2CE4-099B-EB95-95492CE2B991}"
EndProject
Global
	GlobalSection(SolutionConfigurationPlatforms) = preSolution
		Debug|Any CPU = Debug|Any CPU
		Release|Any CPU = Release|Any CPU
	EndGlobalSection
	GlobalSection(ProjectConfigurationPlatforms) = postSolution
		{5E2A97CE-0DCA-0FFE-4FCA-1E4588E058F0}.Debug|Any CPU.ActiveCfg = Debug|Any CPU
		{5E2A97CE-0DCA-0FFE-4FCA-1E4588E058F0}.Debug|Any CPU.Build.0 = Debug|Any CPU
		{5E2A97CE-0DCA-0FFE-4FCA-1E4588E058F0}.Release|Any CPU.ActiveCfg = Release|Any CPU
		{5E2A97CE-0DCA-0FFE-4FCA-1E4588E058F0}.Release|Any CPU.Build.0 = Release|Any CPU
		{AF65DFFD-2CE4-099B-EB95-95492CE2B991}.Debug|Any CPU.ActiveCfg = Debug|Any CPU
		{AF65DFFD-2CE4-099B-EB95-95492CE2B991}.Debug|Any CPU.Build.0 = Debug|Any CPU
		{AF65DFFD-2CE4-099B-EB95-95492CE2B991}.Release|Any CPU.ActiveCfg = Release|Any CPU
		{AF65DFFD-2CE4-099B-EB95-95492CE2B991}.Release|Any CPU.Build.0 = Release|Any CPU
	EndGlobalSection
	GlobalSection(SolutionProperties) = preSolution
		HideSolutionNode = FALSE
	EndGlobalSection
EndGlobal
